
Microsoft Visual Studio Solution File, Format Version 12.00
# Visual Studio Version 17
VisualStudioVersion = 17.10.35013.160
MinimumVisualStudioVersion = 10.0.40219.1
Project("{9A19103F-16F7-4668-BE54-9A1E7A4F7556}") = "TaskManager.API", "TaskManager.API\TaskManager.API.csproj", "{00E10C4F-C791-4467-B90F-0B0C1C73D9A5}"
EndProject
Project("{FAE04EC0-301F-11D3-BF4B-00C04F79EFBC}") = "TaskManager.Domain", "TaskManager.Domain\TaskManager.Domain.csproj", "{58A1A1C4-A1CB-4E9C-9FD1-BFE7A89D2A13}"
EndProject
Project("{2150E333-8FDC-42A3-9474-1A3956D46DE8}") = "Solution Items", "Solution Items", "{F25FCD4E-32F5-4805-8775-A6A8F7FC865D}"
	ProjectSection(SolutionItems) = preProject
		.gitignore = .gitignore
		docker-compose.yml = docker-compose.yml
	EndProjectSection
EndProject
Project("{FAE04EC0-301F-11D3-BF4B-00C04F79EFBC}") = "TaskManager.Infrastructure", "TaskManager.Infrastructure\TaskManager.Infrastructure.csproj", "{CD9BA5E9-6725-4592-A97D-A0EC01A281F0}"
EndProject
Project("{FAE04EC0-301F-11D3-BF4B-00C04F79EFBC}") = "TaskManager.Application", "TaskManager.Application\TaskManager.Application.csproj", "{CE1C724C-481B-4DC3-8EA5-DAF7455D53DC}"
EndProject
Global
	GlobalSection(SolutionConfigurationPlatforms) = preSolution
		Debug|Any CPU = Debug|Any CPU
		Release|Any CPU = Release|Any CPU
	EndGlobalSection
	GlobalSection(ProjectConfigurationPlatforms) = postSolution
		{00E10C4F-C791-4467-B90F-0B0C1C73D9A5}.Debug|Any CPU.ActiveCfg = Debug|Any CPU
		{00E10C4F-C791-4467-B90F-0B0C1C73D9A5}.Debug|Any CPU.Build.0 = Debug|Any CPU
		{00E10C4F-C791-4467-B90F-0B0C1C73D9A5}.Release|Any CPU.ActiveCfg = Release|Any CPU
		{00E10C4F-C791-4467-B90F-0B0C1C73D9A5}.Release|Any CPU.Build.0 = Release|Any CPU
		{58A1A1C4-A1CB-4E9C-9FD1-BFE7A89D2A13}.Debug|Any CPU.ActiveCfg = Debug|Any CPU
		{58A1A1C4-A1CB-4E9C-9FD1-BFE7A89D2A13}.Debug|Any CPU.Build.0 = Debug|Any CPU
		{58A1A1C4-A1CB-4E9C-9FD1-BFE7A89D2A13}.Release|Any CPU.ActiveCfg = Release|Any CPU
		{58A1A1C4-A1CB-4E9C-9FD1-BFE7A89D2A13}.Release|Any CPU.Build.0 = Release|Any CPU
		{CD9BA5E9-6725-4592-A97D-A0EC01A281F0}.Debug|Any CPU.ActiveCfg = Debug|Any CPU
		{CD9BA5E9-6725-4592-A97D-A0EC01A281F0}.Debug|Any CPU.Build.0 = Debug|Any CPU
		{CD9BA5E9-6725-4592-A97D-A0EC01A281F0}.Release|Any CPU.ActiveCfg = Release|Any CPU
		{CD9BA5E9-6725-4592-A97D-A0EC01A281F0}.Release|Any CPU.Build.0 = Release|Any CPU
		{CE1C724C-481B-4DC3-8EA5-DAF7455D53DC}.Debug|Any CPU.ActiveCfg = Debug|Any CPU
		{CE1C724C-481B-4DC3-8EA5-DAF7455D53DC}.Debug|Any CPU.Build.0 = Debug|Any CPU
		{CE1C724C-481B-4DC3-8EA5-DAF7455D53DC}.Release|Any CPU.ActiveCfg = Release|Any CPU
		{CE1C724C-481B-4DC3-8EA5-DAF7455D53DC}.Release|Any CPU.Build.0 = Release|Any CPU
	EndGlobalSection
	GlobalSection(SolutionProperties) = preSolution
		HideSolutionNode = FALSE
	EndGlobalSection
	GlobalSection(ExtensibilityGlobals) = postSolution
		SolutionGuid = {C7463799-BDC2-437D-882D-B4960A5CC01A}
	EndGlobalSection
EndGlobal
